
Microsoft Visual Studio Solution File, Format Version 12.00
# Visual Studio 15
VisualStudioVersion = 15.0.26228.4
MinimumVisualStudioVersion = 10.0.40219.1
Project("{FAE04EC0-301F-11D3-BF4B-00C04F79EFBC}") = "ConsoleApp1", "ConsoleApp1\ConsoleApp1.csproj", "{A7310927-6949-42FB-9635-76DDEC7AA08A}"
EndProject
Project("{FAE04EC0-301F-11D3-BF4B-00C04F79EFBC}") = "TreeAndGraphProject", "TreeAndGraphProject\TreeAndGraphProject.csproj", "{8C753C69-989B-432E-A99F-D1838CA48934}"
EndProject
Project("{FAE04EC0-301F-11D3-BF4B-00C04F79EFBC}") = "PathWithSum", "PathWithSum\PathWithSum.csproj", "{B7AB2239-9017-4B8B-B868-6F3C4EB83DEE}"
EndProject
Project("{FAE04EC0-301F-11D3-BF4B-00C04F79EFBC}") = "TreeAndGraphCommonLib", "TreeAndGraphCommonLib\TreeAndGraphCommonLib.csproj", "{EED77E35-F0FC-481A-B2DE-F0AA8CE652B1}"
EndProject
Project("{FAE04EC0-301F-11D3-BF4B-00C04F79EFBC}") = "CheckSubTree", "CheckSubTree\CheckSubTree.csproj", "{C4284B6B-D33D-431D-AFD7-9244EAEFAD26}"
EndProject
Project("{FAE04EC0-301F-11D3-BF4B-00C04F79EFBC}") = "BSTSquenence", "BSTSquenence\BSTSquenence.csproj", "{0D3A00A5-0C97-4158-A386-5F0D1E8F69BC}"
EndProject
Project("{FAE04EC0-301F-11D3-BF4B-00C04F79EFBC}") = "FirstCommonAncester", "FirstCommonAncester\FirstCommonAncester.csproj", "{BDB32155-83F8-488E-9650-A6595C2769E6}"
EndProject
Global
	GlobalSection(SolutionConfigurationPlatforms) = preSolution
		Debug|Any CPU = Debug|Any CPU
		Release|Any CPU = Release|Any CPU
	EndGlobalSection
	GlobalSection(ProjectConfigurationPlatforms) = postSolution
		{A7310927-6949-42FB-9635-76DDEC7AA08A}.Debug|Any CPU.ActiveCfg = Debug|Any CPU
		{A7310927-6949-42FB-9635-76DDEC7AA08A}.Debug|Any CPU.Build.0 = Debug|Any CPU
		{A7310927-6949-42FB-9635-76DDEC7AA08A}.Release|Any CPU.ActiveCfg = Release|Any CPU
		{A7310927-6949-42FB-9635-76DDEC7AA08A}.Release|Any CPU.Build.0 = Release|Any CPU
		{8C753C69-989B-432E-A99F-D1838CA48934}.Debug|Any CPU.ActiveCfg = Debug|Any CPU
		{8C753C69-989B-432E-A99F-D1838CA48934}.Debug|Any CPU.Build.0 = Debug|Any CPU
		{8C753C69-989B-432E-A99F-D1838CA48934}.Release|Any CPU.ActiveCfg = Release|Any CPU
		{8C753C69-989B-432E-A99F-D1838CA48934}.Release|Any CPU.Build.0 = Release|Any CPU
		{B7AB2239-9017-4B8B-B868-6F3C4EB83DEE}.Debug|Any CPU.ActiveCfg = Debug|Any CPU
		{B7AB2239-9017-4B8B-B868-6F3C4EB83DEE}.Debug|Any CPU.Build.0 = Debug|Any CPU
		{B7AB2239-9017-4B8B-B868-6F3C4EB83DEE}.Release|Any CPU.ActiveCfg = Release|Any CPU
		{B7AB2239-9017-4B8B-B868-6F3C4EB83DEE}.Release|Any CPU.Build.0 = Release|Any CPU
		{EED77E35-F0FC-481A-B2DE-F0AA8CE652B1}.Debug|Any CPU.ActiveCfg = Debug|Any CPU
		{EED77E35-F0FC-481A-B2DE-F0AA8CE652B1}.Debug|Any CPU.Build.0 = Debug|Any CPU
		{EED77E35-F0FC-481A-B2DE-F0AA8CE652B1}.Release|Any CPU.ActiveCfg = Release|Any CPU
		{EED77E35-F0FC-481A-B2DE-F0AA8CE652B1}.Release|Any CPU.Build.0 = Release|Any CPU
		{C4284B6B-D33D-431D-AFD7-9244EAEFAD26}.Debug|Any CPU.ActiveCfg = Debug|Any CPU
		{C4284B6B-D33D-431D-AFD7-9244EAEFAD26}.Debug|Any CPU.Build.0 = Debug|Any CPU
		{C4284B6B-D33D-431D-AFD7-9244EAEFAD26}.Release|Any CPU.ActiveCfg = Release|Any CPU
		{C4284B6B-D33D-431D-AFD7-9244EAEFAD26}.Release|Any CPU.Build.0 = Release|Any CPU
		{0D3A00A5-0C97-4158-A386-5F0D1E8F69BC}.Debug|Any CPU.ActiveCfg = Debug|Any CPU
		{0D3A00A5-0C97-4158-A386-5F0D1E8F69BC}.Debug|Any CPU.Build.0 = Debug|Any CPU
		{0D3A00A5-0C97-4158-A386-5F0D1E8F69BC}.Release|Any CPU.ActiveCfg = Release|Any CPU
		{0D3A00A5-0C97-4158-A386-5F0D1E8F69BC}.Release|Any CPU.Build.0 = Release|Any CPU
		{BDB32155-83F8-488E-9650-A6595C2769E6}.Debug|Any CPU.ActiveCfg = Debug|Any CPU
		{BDB32155-83F8-488E-9650-A6595C2769E6}.Debug|Any CPU.Build.0 = Debug|Any CPU
		{BDB32155-83F8-488E-9650-A6595C2769E6}.Release|Any CPU.ActiveCfg = Release|Any CPU
		{BDB32155-83F8-488E-9650-A6595C2769E6}.Release|Any CPU.Build.0 = Release|Any CPU
	EndGlobalSection
	GlobalSection(SolutionProperties) = preSolution
		HideSolutionNode = FALSE
	EndGlobalSection
EndGlobal
